PODS:
  - ActionSheetPicker-3.0 (1.5.1)
  - AwesomeMenu (1.0.0)
  - MVSelectorScrollView (1.0.0)

DEPENDENCIES:
  - ActionSheetPicker-3.0 (~> 1.5.1)
  - AwesomeMenu (~> 1.0.0)
  - MVSelectorScrollView (~> 1.0.0)

SPEC REPOS:
  trunk:
    - ActionSheetPicker-3.0
    - AwesomeMenu
    - MVSelectorScrollView

SPEC CHECKSUMS:
  ActionSheetPicker-3.0: de0f71e30495ed0192f7d16d0fddcab6882a0ca3
  AwesomeMenu: 34bad7f873e4b3cfaa6651fabbb96607d0e8f2b3
  MVSelectorScrollView: 198dda311d935e5591c432665a3557bb6116d57c

PODFILE CHECKSUM: 728bf20affba0d36265412911b1b58b3ff746a03

COCOAPODS: 1.10.1
