// !$*UTF8*$!
{
	archiveVersion = 1;
	classes = {
	};
	objectVersion = 52;
	objects = {

/* Begin PBXBuildFile section */
		272D075627037AA90039D6FB /* InstrumentScene.swift in Sources */ = {isa = PBXBuildFile; fileRef = 277FA7CF26F350130063022A /* InstrumentScene.swift */; };
		2757768326ED0AEC00134DDC /* MIDIConnector.swift in Sources */ = {isa = PBXBuildFile; fileRef = 278DD63726EB4A9F0079F8B8 /* MIDIConnector.swift */; };
		277FA7CD26F343CB0063022A /* InstrumentViewController.swift in Sources */ = {isa = PBXBuildFile; fileRef = 277FA7CA26F33FA70063022A /* InstrumentViewController.swift */; };
		277FA7DF26F380300063022A /* ThemeImpl.swift in Sources */ = {isa = PBXBuildFile; fileRef = 277FA7D526F361670063022A /* ThemeImpl.swift */; };
		278DD63426EB485E0079F8B8 /* AppDelegate.swift in Sources */ = {isa = PBXBuildFile; fileRef = 278DD63326EB485E0079F8B8 /* AppDelegate.swift */; };
		278DD63626EB4A1E0079F8B8 /* MidiConnectorImpl.swift in Sources */ = {isa = PBXBuildFile; fileRef = 278DD63526EB4A1E0079F8B8 /* MidiConnectorImpl.swift */; };
		952C46681B60F14C00548952 /* Bokeh.sks in Resources */ = {isa = PBXBuildFile; fileRef = 952C46661B60F14C00548952 /* Bokeh.sks */; };
		952C46691B60F14C00548952 /* bokeh.png in Resources */ = {isa = PBXBuildFile; fileRef = 952C46671B60F14C00548952 /* bokeh.png */; };
		952C466C1B60F6F300548952 /* Fire.sks in Resources */ = {isa = PBXBuildFile; fileRef = 952C466A1B60F6F300548952 /* Fire.sks */; };
		952C466D1B60F6F300548952 /* spark.png in Resources */ = {isa = PBXBuildFile; fileRef = 952C466B1B60F6F300548952 /* spark.png */; };
		952C466F1B621ADE00548952 /* Magic.sks in Resources */ = {isa = PBXBuildFile; fileRef = 952C466E1B621ADE00548952 /* Magic.sks */; };
		952C46711B621AF900548952 /* Spark.sks in Resources */ = {isa = PBXBuildFile; fileRef = 952C46701B621AF900548952 /* Spark.sks */; };
		956A7E541BDFED6C00687A0C /* MyParticle.sks in Resources */ = {isa = PBXBuildFile; fileRef = 956A7E531BDFED6C00687A0C /* MyParticle.sks */; };
		9586002926E76B9B00A4A712 /* AudioKit in Frameworks */ = {isa = PBXBuildFile; productRef = 9586002826E76B9B00A4A712 /* AudioKit */; };
		9586002C26E76BE800A4A712 /* SynthManager.swift in Sources */ = {isa = PBXBuildFile; fileRef = 9586002B26E76BE800A4A712 /* SynthManager.swift */; };
		9586002F26E76FF400A4A712 /* SoundpipeAudioKit in Frameworks */ = {isa = PBXBuildFile; productRef = 9586002E26E76FF400A4A712 /* SoundpipeAudioKit */; };
		959916011B63A7B400784C6E /* Snow.sks in Resources */ = {isa = PBXBuildFile; fileRef = 959916001B63A7B400784C6E /* Snow.sks */; };
		959916031B63A7D100784C6E /* Fireflies.sks in Resources */ = {isa = PBXBuildFile; fileRef = 959916021B63A7D100784C6E /* Fireflies.sks */; };
		959916051B63A7E900784C6E /* Rain.sks in Resources */ = {isa = PBXBuildFile; fileRef = 959916041B63A7E900784C6E /* Rain.sks */; };
		959916071B63A7FA00784C6E /* Smoke.sks in Resources */ = {isa = PBXBuildFile; fileRef = 959916061B63A7FA00784C6E /* Smoke.sks */; };
		95D147231B6D470C00770BF3 /* App.storyboard in Resources */ = {isa = PBXBuildFile; fileRef = 95D147221B6D470C00770BF3 /* App.storyboard */; };
		95D147261B6D510600770BF3 /* Model.xcdatamodeld in Sources */ = {isa = PBXBuildFile; fileRef = 95D147241B6D510600770BF3 /* Model.xcdatamodeld */; };
		95FC67591B5E607C00C756F5 /* InstrumentScene.sks in Resources */ = {isa = PBXBuildFile; fileRef = 95FC67581B5E607C00C756F5 /* InstrumentScene.sks */; };
		95FC67611B5E607C00C756F5 /* Images.xcassets in Resources */ = {isa = PBXBuildFile; fileRef = 95FC67601B5E607C00C756F5 /* Images.xcassets */; };
		95FC67641B5E607C00C756F5 /* LaunchScreen.xib in Resources */ = {isa = PBXBuildFile; fileRef = 95FC67621B5E607C00C756F5 /* LaunchScreen.xib */; };
		BA4AA2701C04E0F70067635F /* AVFoundation.framework in Frameworks */ = {isa = PBXBuildFile; fileRef = BA4AA26F1C04E0F70067635F /* AVFoundation.framework */; };
		BA4AA2721C04E18D0067635F /* AudioToolbox.framework in Frameworks */ = {isa = PBXBuildFile; fileRef = BA4AA2711C04E18D0067635F /* AudioToolbox.framework */; };
		EC59C3DC2707191300866708 /* MainViewController.swift in Sources */ = {isa = PBXBuildFile; fileRef = EC59C3DB2707191300866708 /* MainViewController.swift */; };
		EC59C3DE2707193B00866708 /* MainSettingsView.swift in Sources */ = {isa = PBXBuildFile; fileRef = EC59C3DD2707193B00866708 /* MainSettingsView.swift */; };
		EC5FCA16270C382100694854 /* SKTextureGradient.swift in Sources */ = {isa = PBXBuildFile; fileRef = EC5FCA15270C382100694854 /* SKTextureGradient.swift */; };
		ECC1DEFC270724BF006ADBAA /* MonoleapAssets.swift in Sources */ = {isa = PBXBuildFile; fileRef = ECC1DEFB270724BF006ADBAA /* MonoleapAssets.swift */; };
		ECC1DEFE270725B1006ADBAA /* BigRoundButton.swift in Sources */ = {isa = PBXBuildFile; fileRef = ECC1DEFD270725B1006ADBAA /* BigRoundButton.swift */; };
		ECC1DF0027072844006ADBAA /* PageToggleButton.swift in Sources */ = {isa = PBXBuildFile; fileRef = ECC1DEFF27072844006ADBAA /* PageToggleButton.swift */; };
		ECC1DF0227072D3B006ADBAA /* Settings.swift in Sources */ = {isa = PBXBuildFile; fileRef = ECC1DF0127072D3B006ADBAA /* Settings.swift */; };
		ECC1DF0427072E82006ADBAA /* InstrumentSettingsPage.swift in Sources */ = {isa = PBXBuildFile; fileRef = ECC1DF0327072E82006ADBAA /* InstrumentSettingsPage.swift */; };
		ECC1DF0627072E8B006ADBAA /* MIDISettingsPage.swift in Sources */ = {isa = PBXBuildFile; fileRef = ECC1DF0527072E8B006ADBAA /* MIDISettingsPage.swift */; };
		ECC1DF0827072E96006ADBAA /* ThemeSettingsPage.swift in Sources */ = {isa = PBXBuildFile; fileRef = ECC1DF0727072E96006ADBAA /* ThemeSettingsPage.swift */; };
		ECC1DF0C27073123006ADBAA /* SettingsSection.swift in Sources */ = {isa = PBXBuildFile; fileRef = ECC1DF0B27073123006ADBAA /* SettingsSection.swift */; };
		ECC1DF0E270732DE006ADBAA /* MonoleapToggleStyle.swift in Sources */ = {isa = PBXBuildFile; fileRef = ECC1DF0D270732DE006ADBAA /* MonoleapToggleStyle.swift */; };
		ECC1DF1027073AA1006ADBAA /* ThemeManager.swift in Sources */ = {isa = PBXBuildFile; fileRef = ECC1DF0F27073AA1006ADBAA /* ThemeManager.swift */; };
		ECC1DF1227073ABC006ADBAA /* RGBShaderTheme.swift in Sources */ = {isa = PBXBuildFile; fileRef = ECC1DF1127073ABC006ADBAA /* RGBShaderTheme.swift */; };
		ECC1DF2627073B03006ADBAA /* WaterColors.fsh in Resources */ = {isa = PBXBuildFile; fileRef = ECC1DF1427073B02006ADBAA /* WaterColors.fsh */; };
		ECC1DF2727073B03006ADBAA /* Julia.fsh in Resources */ = {isa = PBXBuildFile; fileRef = ECC1DF1527073B02006ADBAA /* Julia.fsh */; };
		ECC1DF2827073B03006ADBAA /* ColorSquares.fsh in Resources */ = {isa = PBXBuildFile; fileRef = ECC1DF1627073B02006ADBAA /* ColorSquares.fsh */; };
		ECC1DF2927073B03006ADBAA /* Spark.fsh in Resources */ = {isa = PBXBuildFile; fileRef = ECC1DF1727073B02006ADBAA /* Spark.fsh */; };
		ECC1DF2A27073B03006ADBAA /* Grid.fsh in Resources */ = {isa = PBXBuildFile; fileRef = ECC1DF1827073B02006ADBAA /* Grid.fsh */; };
		ECC1DF2B27073B03006ADBAA /* Spotlight.fsh in Resources */ = {isa = PBXBuildFile; fileRef = ECC1DF1927073B03006ADBAA /* Spotlight.fsh */; };
		ECC1DF2C27073B03006ADBAA /* StrobeLight.fsh in Resources */ = {isa = PBXBuildFile; fileRef = ECC1DF1A27073B03006ADBAA /* StrobeLight.fsh */; };
		ECC1DF2D27073B03006ADBAA /* SHKCircleWave.fsh in Resources */ = {isa = PBXBuildFile; fileRef = ECC1DF1B27073B03006ADBAA /* SHKCircleWave.fsh */; };
		ECC1DF2E27073B03006ADBAA /* ColorFlower.fsh in Resources */ = {isa = PBXBuildFile; fileRef = ECC1DF1C27073B03006ADBAA /* ColorFlower.fsh */; };
		ECC1DF2F27073B03006ADBAA /* Lightning.fsh in Resources */ = {isa = PBXBuildFile; fileRef = ECC1DF1D27073B03006ADBAA /* Lightning.fsh */; };
		ECC1DF3027073B03006ADBAA /* Splash.fsh in Resources */ = {isa = PBXBuildFile; fileRef = ECC1DF1E27073B03006ADBAA /* Splash.fsh */; };
		ECC1DF3127073B03006ADBAA /* WaveForm.fsh in Resources */ = {isa = PBXBuildFile; fileRef = ECC1DF1F27073B03006ADBAA /* WaveForm.fsh */; };
		ECC1DF3227073B03006ADBAA /* SHKLightGrid.fsh in Resources */ = {isa = PBXBuildFile; fileRef = ECC1DF2027073B03006ADBAA /* SHKLightGrid.fsh */; };
		ECC1DF3327073B03006ADBAA /* WarpLines.fsh in Resources */ = {isa = PBXBuildFile; fileRef = ECC1DF2127073B03006ADBAA /* WarpLines.fsh */; };
		ECC1DF3427073B03006ADBAA /* Waves.fsh in Resources */ = {isa = PBXBuildFile; fileRef = ECC1DF2227073B03006ADBAA /* Waves.fsh */; };
		ECC1DF3527073B03006ADBAA /* MorphGrid.fsh in Resources */ = {isa = PBXBuildFile; fileRef = ECC1DF2327073B03006ADBAA /* MorphGrid.fsh */; };
		ECC1DF3627073B03006ADBAA /* Rainbow.fsh in Resources */ = {isa = PBXBuildFile; fileRef = ECC1DF2427073B03006ADBAA /* Rainbow.fsh */; };
		ECC1DF3727073B03006ADBAA /* Circles.fsh in Resources */ = {isa = PBXBuildFile; fileRef = ECC1DF2527073B03006ADBAA /* Circles.fsh */; };
		ECC1DF3927073DFB006ADBAA /* Flower.fsh in Resources */ = {isa = PBXBuildFile; fileRef = ECC1DF3827073DFB006ADBAA /* Flower.fsh */; };
		ECC1DF3B27073FDA006ADBAA /* Theme.swift in Sources */ = {isa = PBXBuildFile; fileRef = ECC1DF3A27073FDA006ADBAA /* Theme.swift */; };
		ECC1DF3D27075D4D006ADBAA /* NumberSelector.swift in Sources */ = {isa = PBXBuildFile; fileRef = ECC1DF3C27075D4D006ADBAA /* NumberSelector.swift */; };
		ECC1DF3F27075DAD006ADBAA /* MIDICCSelector.swift in Sources */ = {isa = PBXBuildFile; fileRef = ECC1DF3E27075DAD006ADBAA /* MIDICCSelector.swift */; };
		ECC1DF412707649E006ADBAA /* DropdownSelector.swift in Sources */ = {isa = PBXBuildFile; fileRef = ECC1DF402707649E006ADBAA /* DropdownSelector.swift */; };
		ECC1DF43270764B3006ADBAA /* ScaleSelector.swift in Sources */ = {isa = PBXBuildFile; fileRef = ECC1DF42270764B3006ADBAA /* ScaleSelector.swift */; };
		ECC1DF45270764CC006ADBAA /* Scale.swift in Sources */ = {isa = PBXBuildFile; fileRef = ECC1DF44270764CC006ADBAA /* Scale.swift */; };
/* End PBXBuildFile section */

/* Begin PBXContainerItemProxy section */
		95FC676A1B5E607C00C756F5 /* PBXContainerItemProxy */ = {
			isa = PBXContainerItemProxy;
			containerPortal = 95FC67431B5E607C00C756F5 /* Project object */;
			proxyType = 1;
			remoteGlobalIDString = 95FC674A1B5E607C00C756F5;
			remoteInfo = xophone;
		};
/* End PBXContainerItemProxy section */

/* Begin PBXFileReference section */
		277FA7CA26F33FA70063022A /* InstrumentViewController.swift */ = {isa = PBXFileReference; lastKnownFileType = sourcecode.swift; path = InstrumentViewController.swift; sourceTree = "<group>"; };
		277FA7CF26F350130063022A /* InstrumentScene.swift */ = {isa = PBXFileReference; lastKnownFileType = sourcecode.swift; path = InstrumentScene.swift; sourceTree = "<group>"; };
		277FA7D526F361670063022A /* ThemeImpl.swift */ = {isa = PBXFileReference; lastKnownFileType = sourcecode.swift; path = ThemeImpl.swift; sourceTree = "<group>"; };
		278DD63226EB485D0079F8B8 /* monoleap-Bridging-Header.h */ = {isa = PBXFileReference; lastKnownFileType = sourcecode.c.h; path = "monoleap-Bridging-Header.h"; sourceTree = "<group>"; };
		278DD63326EB485E0079F8B8 /* AppDelegate.swift */ = {isa = PBXFileReference; lastKnownFileType = sourcecode.swift; path = AppDelegate.swift; sourceTree = "<group>"; };
		278DD63526EB4A1E0079F8B8 /* MidiConnectorImpl.swift */ = {isa = PBXFileReference; lastKnownFileType = sourcecode.swift; path = MidiConnectorImpl.swift; sourceTree = "<group>"; };
		278DD63726EB4A9F0079F8B8 /* MIDIConnector.swift */ = {isa = PBXFileReference; lastKnownFileType = sourcecode.swift; path = MIDIConnector.swift; sourceTree = "<group>"; };
		952C46661B60F14C00548952 /* Bokeh.sks */ = {isa = PBXFileReference; lastKnownFileType = file.sks; path = Bokeh.sks; sourceTree = "<group>"; };
		952C46671B60F14C00548952 /* bokeh.png */ = {isa = PBXFileReference; lastKnownFileType = image.png; path = bokeh.png; sourceTree = "<group>"; };
		952C466A1B60F6F300548952 /* Fire.sks */ = {isa = PBXFileReference; lastKnownFileType = file.sks; path = Fire.sks; sourceTree = "<group>"; };
		952C466B1B60F6F300548952 /* spark.png */ = {isa = PBXFileReference; lastKnownFileType = image.png; path = spark.png; sourceTree = "<group>"; };
		952C466E1B621ADE00548952 /* Magic.sks */ = {isa = PBXFileReference; lastKnownFileType = file.sks; path = Magic.sks; sourceTree = "<group>"; };
		952C46701B621AF900548952 /* Spark.sks */ = {isa = PBXFileReference; lastKnownFileType = file.sks; path = Spark.sks; sourceTree = "<group>"; };
		956A7E531BDFED6C00687A0C /* MyParticle.sks */ = {isa = PBXFileReference; lastKnownFileType = file.sks; path = MyParticle.sks; sourceTree = "<group>"; };
		9586002A26E76BE700A4A712 /* monoleap-Bridging-Header.h */ = {isa = PBXFileReference; lastKnownFileType = sourcecode.c.h; path = "monoleap-Bridging-Header.h"; sourceTree = "<group>"; };
		9586002B26E76BE800A4A712 /* SynthManager.swift */ = {isa = PBXFileReference; lastKnownFileType = sourcecode.swift; path = SynthManager.swift; sourceTree = "<group>"; };
		959916001B63A7B400784C6E /* Snow.sks */ = {isa = PBXFileReference; lastKnownFileType = file.sks; path = Snow.sks; sourceTree = "<group>"; };
		959916021B63A7D100784C6E /* Fireflies.sks */ = {isa = PBXFileReference; lastKnownFileType = file.sks; path = Fireflies.sks; sourceTree = "<group>"; };
		959916041B63A7E900784C6E /* Rain.sks */ = {isa = PBXFileReference; lastKnownFileType = file.sks; path = Rain.sks; sourceTree = "<group>"; };
		959916061B63A7FA00784C6E /* Smoke.sks */ = {isa = PBXFileReference; lastKnownFileType = file.sks; path = Smoke.sks; sourceTree = "<group>"; };
		95D147221B6D470C00770BF3 /* App.storyboard */ = {isa = PBXFileReference; fileEncoding = 4; lastKnownFileType = file.storyboard; path = App.storyboard; sourceTree = "<group>"; };
		95D147251B6D510600770BF3 /* Model.xcdatamodel */ = {isa = PBXFileReference; lastKnownFileType = wrapper.xcdatamodel; path = Model.xcdatamodel; sourceTree = "<group>"; };
		95FC674B1B5E607C00C756F5 /* monoleap.app */ = {isa = PBXFileReference; explicitFileType = wrapper.application; includeInIndex = 0; path = monoleap.app; sourceTree = BUILT_PRODUCTS_DIR; };
		95FC674F1B5E607C00C756F5 /* Info.plist */ = {isa = PBXFileReference; lastKnownFileType = text.plist.xml; path = Info.plist; sourceTree = "<group>"; };
		95FC67581B5E607C00C756F5 /* InstrumentScene.sks */ = {isa = PBXFileReference; lastKnownFileType = file.sks; path = InstrumentScene.sks; sourceTree = "<group>"; };
		95FC67601B5E607C00C756F5 /* Images.xcassets */ = {isa = PBXFileReference; lastKnownFileType = folder.assetcatalog; path = Images.xcassets; sourceTree = "<group>"; };
		95FC67631B5E607C00C756F5 /* Base */ = {isa = PBXFileReference; lastKnownFileType = file.xib; name = Base; path = Base.lproj/LaunchScreen.xib; sourceTree = "<group>"; };
		95FC67691B5E607C00C756F5 /* monoleapTests.xctest */ = {isa = PBXFileReference; explicitFileType = wrapper.cfbundle; includeInIndex = 0; path = monoleapTests.xctest; sourceTree = BUILT_PRODUCTS_DIR; };
		95FC676E1B5E607C00C756F5 /* Info.plist */ = {isa = PBXFileReference; lastKnownFileType = text.plist.xml; path = Info.plist; sourceTree = "<group>"; };
		BA4AA26F1C04E0F70067635F /* AVFoundation.framework */ = {isa = PBXFileReference; lastKnownFileType = wrapper.framework; name = AVFoundation.framework; path = System/Library/Frameworks/AVFoundation.framework; sourceTree = SDKROOT; };
		BA4AA2711C04E18D0067635F /* AudioToolbox.framework */ = {isa = PBXFileReference; lastKnownFileType = wrapper.framework; name = AudioToolbox.framework; path = System/Library/Frameworks/AudioToolbox.framework; sourceTree = SDKROOT; };
		EC59C3DB2707191300866708 /* MainViewController.swift */ = {isa = PBXFileReference; lastKnownFileType = sourcecode.swift; path = MainViewController.swift; sourceTree = "<group>"; };
		EC59C3DD2707193B00866708 /* MainSettingsView.swift */ = {isa = PBXFileReference; lastKnownFileType = sourcecode.swift; path = MainSettingsView.swift; sourceTree = "<group>"; };
		EC5FCA15270C382100694854 /* SKTextureGradient.swift */ = {isa = PBXFileReference; lastKnownFileType = sourcecode.swift; path = SKTextureGradient.swift; sourceTree = "<group>"; };
		ECC1DEFB270724BF006ADBAA /* MonoleapAssets.swift */ = {isa = PBXFileReference; lastKnownFileType = sourcecode.swift; path = MonoleapAssets.swift; sourceTree = "<group>"; };
		ECC1DEFD270725B1006ADBAA /* BigRoundButton.swift */ = {isa = PBXFileReference; lastKnownFileType = sourcecode.swift; path = BigRoundButton.swift; sourceTree = "<group>"; };
		ECC1DEFF27072844006ADBAA /* PageToggleButton.swift */ = {isa = PBXFileReference; lastKnownFileType = sourcecode.swift; path = PageToggleButton.swift; sourceTree = "<group>"; };
		ECC1DF0127072D3B006ADBAA /* Settings.swift */ = {isa = PBXFileReference; lastKnownFileType = sourcecode.swift; path = Settings.swift; sourceTree = "<group>"; };
		ECC1DF0327072E82006ADBAA /* InstrumentSettingsPage.swift */ = {isa = PBXFileReference; lastKnownFileType = sourcecode.swift; path = InstrumentSettingsPage.swift; sourceTree = "<group>"; };
		ECC1DF0527072E8B006ADBAA /* MIDISettingsPage.swift */ = {isa = PBXFileReference; lastKnownFileType = sourcecode.swift; path = MIDISettingsPage.swift; sourceTree = "<group>"; };
		ECC1DF0727072E96006ADBAA /* ThemeSettingsPage.swift */ = {isa = PBXFileReference; lastKnownFileType = sourcecode.swift; path = ThemeSettingsPage.swift; sourceTree = "<group>"; };
		ECC1DF0B27073123006ADBAA /* SettingsSection.swift */ = {isa = PBXFileReference; lastKnownFileType = sourcecode.swift; path = SettingsSection.swift; sourceTree = "<group>"; };
		ECC1DF0D270732DE006ADBAA /* MonoleapToggleStyle.swift */ = {isa = PBXFileReference; lastKnownFileType = sourcecode.swift; path = MonoleapToggleStyle.swift; sourceTree = "<group>"; };
		ECC1DF0F27073AA1006ADBAA /* ThemeManager.swift */ = {isa = PBXFileReference; lastKnownFileType = sourcecode.swift; path = ThemeManager.swift; sourceTree = "<group>"; };
		ECC1DF1127073ABC006ADBAA /* RGBShaderTheme.swift */ = {isa = PBXFileReference; lastKnownFileType = sourcecode.swift; path = RGBShaderTheme.swift; sourceTree = "<group>"; };
		ECC1DF1427073B02006ADBAA /* WaterColors.fsh */ = {isa = PBXFileReference; fileEncoding = 4; lastKnownFileType = sourcecode.glsl; path = WaterColors.fsh; sourceTree = "<group>"; };
		ECC1DF1527073B02006ADBAA /* Julia.fsh */ = {isa = PBXFileReference; fileEncoding = 4; lastKnownFileType = sourcecode.glsl; path = Julia.fsh; sourceTree = "<group>"; };
		ECC1DF1627073B02006ADBAA /* ColorSquares.fsh */ = {isa = PBXFileReference; fileEncoding = 4; lastKnownFileType = sourcecode.glsl; path = ColorSquares.fsh; sourceTree = "<group>"; };
		ECC1DF1727073B02006ADBAA /* Spark.fsh */ = {isa = PBXFileReference; fileEncoding = 4; lastKnownFileType = sourcecode.glsl; path = Spark.fsh; sourceTree = "<group>"; };
		ECC1DF1827073B02006ADBAA /* Grid.fsh */ = {isa = PBXFileReference; fileEncoding = 4; lastKnownFileType = sourcecode.glsl; path = Grid.fsh; sourceTree = "<group>"; };
		ECC1DF1927073B03006ADBAA /* Spotlight.fsh */ = {isa = PBXFileReference; fileEncoding = 4; lastKnownFileType = sourcecode.glsl; path = Spotlight.fsh; sourceTree = "<group>"; };
		ECC1DF1A27073B03006ADBAA /* StrobeLight.fsh */ = {isa = PBXFileReference; fileEncoding = 4; lastKnownFileType = sourcecode.glsl; path = StrobeLight.fsh; sourceTree = "<group>"; };
		ECC1DF1B27073B03006ADBAA /* SHKCircleWave.fsh */ = {isa = PBXFileReference; fileEncoding = 4; lastKnownFileType = sourcecode.glsl; path = SHKCircleWave.fsh; sourceTree = "<group>"; };
		ECC1DF1C27073B03006ADBAA /* ColorFlower.fsh */ = {isa = PBXFileReference; fileEncoding = 4; lastKnownFileType = sourcecode.glsl; path = ColorFlower.fsh; sourceTree = "<group>"; };
		ECC1DF1D27073B03006ADBAA /* Lightning.fsh */ = {isa = PBXFileReference; fileEncoding = 4; lastKnownFileType = sourcecode.glsl; path = Lightning.fsh; sourceTree = "<group>"; };
		ECC1DF1E27073B03006ADBAA /* Splash.fsh */ = {isa = PBXFileReference; fileEncoding = 4; lastKnownFileType = sourcecode.glsl; path = Splash.fsh; sourceTree = "<group>"; };
		ECC1DF1F27073B03006ADBAA /* WaveForm.fsh */ = {isa = PBXFileReference; fileEncoding = 4; lastKnownFileType = sourcecode.glsl; path = WaveForm.fsh; sourceTree = "<group>"; };
		ECC1DF2027073B03006ADBAA /* SHKLightGrid.fsh */ = {isa = PBXFileReference; fileEncoding = 4; lastKnownFileType = sourcecode.glsl; path = SHKLightGrid.fsh; sourceTree = "<group>"; };
		ECC1DF2127073B03006ADBAA /* WarpLines.fsh */ = {isa = PBXFileReference; fileEncoding = 4; lastKnownFileType = sourcecode.glsl; path = WarpLines.fsh; sourceTree = "<group>"; };
		ECC1DF2227073B03006ADBAA /* Waves.fsh */ = {isa = PBXFileReference; fileEncoding = 4; lastKnownFileType = sourcecode.glsl; path = Waves.fsh; sourceTree = "<group>"; };
		ECC1DF2327073B03006ADBAA /* MorphGrid.fsh */ = {isa = PBXFileReference; fileEncoding = 4; lastKnownFileType = sourcecode.glsl; path = MorphGrid.fsh; sourceTree = "<group>"; };
		ECC1DF2427073B03006ADBAA /* Rainbow.fsh */ = {isa = PBXFileReference; fileEncoding = 4; lastKnownFileType = sourcecode.glsl; path = Rainbow.fsh; sourceTree = "<group>"; };
		ECC1DF2527073B03006ADBAA /* Circles.fsh */ = {isa = PBXFileReference; fileEncoding = 4; lastKnownFileType = sourcecode.glsl; path = Circles.fsh; sourceTree = "<group>"; };
		ECC1DF3827073DFB006ADBAA /* Flower.fsh */ = {isa = PBXFileReference; fileEncoding = 4; lastKnownFileType = sourcecode.glsl; path = Flower.fsh; sourceTree = "<group>"; };
		ECC1DF3A27073FDA006ADBAA /* Theme.swift */ = {isa = PBXFileReference; lastKnownFileType = sourcecode.swift; path = Theme.swift; sourceTree = "<group>"; };
		ECC1DF3C27075D4D006ADBAA /* NumberSelector.swift */ = {isa = PBXFileReference; lastKnownFileType = sourcecode.swift; path = NumberSelector.swift; sourceTree = "<group>"; };
		ECC1DF3E27075DAD006ADBAA /* MIDICCSelector.swift */ = {isa = PBXFileReference; lastKnownFileType = sourcecode.swift; path = MIDICCSelector.swift; sourceTree = "<group>"; };
		ECC1DF402707649E006ADBAA /* DropdownSelector.swift */ = {isa = PBXFileReference; lastKnownFileType = sourcecode.swift; path = DropdownSelector.swift; sourceTree = "<group>"; };
		ECC1DF42270764B3006ADBAA /* ScaleSelector.swift */ = {isa = PBXFileReference; lastKnownFileType = sourcecode.swift; path = ScaleSelector.swift; sourceTree = "<group>"; };
		ECC1DF44270764CC006ADBAA /* Scale.swift */ = {isa = PBXFileReference; lastKnownFileType = sourcecode.swift; path = Scale.swift; sourceTree = "<group>"; };
/* End PBXFileReference section */

/* Begin PBXFrameworksBuildPhase section */
		95FC67481B5E607C00C756F5 /* Frameworks */ = {
			isa = PBXFrameworksBuildPhase;
			buildActionMask = 2147483647;
			files = (
				BA4AA2721C04E18D0067635F /* AudioToolbox.framework in Frameworks */,
				9586002F26E76FF400A4A712 /* SoundpipeAudioKit in Frameworks */,
				BA4AA2701C04E0F70067635F /* AVFoundation.framework in Frameworks */,
				9586002926E76B9B00A4A712 /* AudioKit in Frameworks */,
			);
			runOnlyForDeploymentPostprocessing = 0;
		};
		95FC67661B5E607C00C756F5 /* Frameworks */ = {
			isa = PBXFrameworksBuildPhase;
			buildActionMask = 2147483647;
			files = (
			);
			runOnlyForDeploymentPostprocessing = 0;
		};
/* End PBXFrameworksBuildPhase section */

/* Begin PBXGroup section */
		277FA7D426F361050063022A /* Theme */ = {
			isa = PBXGroup;
			children = (
				ECC1DF1327073AEF006ADBAA /* Shaders */,
				9515ABD21BE456A1008B8FDA /* Particles */,
				277FA7D526F361670063022A /* ThemeImpl.swift */,
				ECC1DF0F27073AA1006ADBAA /* ThemeManager.swift */,
				ECC1DF1127073ABC006ADBAA /* RGBShaderTheme.swift */,
				ECC1DF3A27073FDA006ADBAA /* Theme.swift */,
			);
			name = Theme;
			sourceTree = "<group>";
		};
		9515ABD21BE456A1008B8FDA /* Particles */ = {
			isa = PBXGroup;
			children = (
				956A7E531BDFED6C00687A0C /* MyParticle.sks */,
				959916061B63A7FA00784C6E /* Smoke.sks */,
				959916021B63A7D100784C6E /* Fireflies.sks */,
				959916041B63A7E900784C6E /* Rain.sks */,
				959916001B63A7B400784C6E /* Snow.sks */,
				952C466A1B60F6F300548952 /* Fire.sks */,
				952C466E1B621ADE00548952 /* Magic.sks */,
				952C46701B621AF900548952 /* Spark.sks */,
				952C466B1B60F6F300548952 /* spark.png */,
				952C46661B60F14C00548952 /* Bokeh.sks */,
				952C46671B60F14C00548952 /* bokeh.png */,
			);
			name = Particles;
			path = ..;
			sourceTree = "<group>";
		};
		95FC67421B5E607C00C756F5 = {
			isa = PBXGroup;
			children = (
				95FC674D1B5E607C00C756F5 /* monoleap */,
				95FC676C1B5E607C00C756F5 /* monoleapTests */,
				95FC674C1B5E607C00C756F5 /* Products */,
				E1BCFE8774C6B36D7473CD86 /* Frameworks */,
			);
			sourceTree = "<group>";
		};
		95FC674C1B5E607C00C756F5 /* Products */ = {
			isa = PBXGroup;
			children = (
				95FC674B1B5E607C00C756F5 /* monoleap.app */,
				95FC67691B5E607C00C756F5 /* monoleapTests.xctest */,
			);
			name = Products;
			sourceTree = "<group>";
		};
		95FC674D1B5E607C00C756F5 /* monoleap */ = {
			isa = PBXGroup;
			children = (
				278DD63326EB485E0079F8B8 /* AppDelegate.swift */,
				278DD63226EB485D0079F8B8 /* monoleap-Bridging-Header.h */,
				278DD63526EB4A1E0079F8B8 /* MidiConnectorImpl.swift */,
				278DD63726EB4A9F0079F8B8 /* MIDIConnector.swift */,
				277FA7CA26F33FA70063022A /* InstrumentViewController.swift */,
				277FA7CF26F350130063022A /* InstrumentScene.swift */,
				9586002B26E76BE800A4A712 /* SynthManager.swift */,
				EC59C3DB2707191300866708 /* MainViewController.swift */,
				ECC1DF0127072D3B006ADBAA /* Settings.swift */,
				EC5FCA15270C382100694854 /* SKTextureGradient.swift */,
				ECC1DF44270764CC006ADBAA /* Scale.swift */,
				95D147221B6D470C00770BF3 /* App.storyboard */,
				95FC67621B5E607C00C756F5 /* LaunchScreen.xib */,
				EC59C3DF2707220700866708 /* UI */,
				277FA7D426F361050063022A /* Theme */,
				95FC67581B5E607C00C756F5 /* InstrumentScene.sks */,
				95D147241B6D510600770BF3 /* Model.xcdatamodeld */,
				95FC67601B5E607C00C756F5 /* Images.xcassets */,
				95FC674E1B5E607C00C756F5 /* Supporting Files */,
				9586002A26E76BE700A4A712 /* monoleap-Bridging-Header.h */,
			);
			name = monoleap;
			path = xophone;
			sourceTree = "<group>";
		};
		95FC674E1B5E607C00C756F5 /* Supporting Files */ = {
			isa = PBXGroup;
			children = (
				95FC674F1B5E607C00C756F5 /* Info.plist */,
			);
			name = "Supporting Files";
			sourceTree = "<group>";
		};
		95FC676C1B5E607C00C756F5 /* monoleapTests */ = {
			isa = PBXGroup;
			children = (
				95FC676D1B5E607C00C756F5 /* Supporting Files */,
			);
			name = monoleapTests;
			path = xophoneTests;
			sourceTree = "<group>";
		};
		95FC676D1B5E607C00C756F5 /* Supporting Files */ = {
			isa = PBXGroup;
			children = (
				95FC676E1B5E607C00C756F5 /* Info.plist */,
			);
			name = "Supporting Files";
			sourceTree = "<group>";
		};
		E1BCFE8774C6B36D7473CD86 /* Frameworks */ = {
			isa = PBXGroup;
			children = (
				BA4AA2711C04E18D0067635F /* AudioToolbox.framework */,
				BA4AA26F1C04E0F70067635F /* AVFoundation.framework */,
			);
			name = Frameworks;
			sourceTree = "<group>";
		};
		EC59C3DF2707220700866708 /* UI */ = {
			isa = PBXGroup;
			children = (
				EC59C3DD2707193B00866708 /* MainSettingsView.swift */,
				ECC1DEFB270724BF006ADBAA /* MonoleapAssets.swift */,
				ECC1DEFD270725B1006ADBAA /* BigRoundButton.swift */,
				ECC1DEFF27072844006ADBAA /* PageToggleButton.swift */,
				ECC1DF0327072E82006ADBAA /* InstrumentSettingsPage.swift */,
				ECC1DF0527072E8B006ADBAA /* MIDISettingsPage.swift */,
				ECC1DF0727072E96006ADBAA /* ThemeSettingsPage.swift */,
				ECC1DF0B27073123006ADBAA /* SettingsSection.swift */,
				ECC1DF0D270732DE006ADBAA /* MonoleapToggleStyle.swift */,
				ECC1DF3C27075D4D006ADBAA /* NumberSelector.swift */,
				ECC1DF3E27075DAD006ADBAA /* MIDICCSelector.swift */,
				ECC1DF402707649E006ADBAA /* DropdownSelector.swift */,
				ECC1DF42270764B3006ADBAA /* ScaleSelector.swift */,
			);
			name = UI;
			sourceTree = "<group>";
		};
		ECC1DF1327073AEF006ADBAA /* Shaders */ = {
			isa = PBXGroup;
			children = (
				ECC1DF2527073B03006ADBAA /* Circles.fsh */,
				ECC1DF1C27073B03006ADBAA /* ColorFlower.fsh */,
				ECC1DF1627073B02006ADBAA /* ColorSquares.fsh */,
				ECC1DF1827073B02006ADBAA /* Grid.fsh */,
				ECC1DF1527073B02006ADBAA /* Julia.fsh */,
				ECC1DF3827073DFB006ADBAA /* Flower.fsh */,
				ECC1DF1D27073B03006ADBAA /* Lightning.fsh */,
				ECC1DF2327073B03006ADBAA /* MorphGrid.fsh */,
				ECC1DF2427073B03006ADBAA /* Rainbow.fsh */,
				ECC1DF1B27073B03006ADBAA /* SHKCircleWave.fsh */,
				ECC1DF2027073B03006ADBAA /* SHKLightGrid.fsh */,
				ECC1DF1727073B02006ADBAA /* Spark.fsh */,
				ECC1DF1E27073B03006ADBAA /* Splash.fsh */,
				ECC1DF1927073B03006ADBAA /* Spotlight.fsh */,
				ECC1DF1A27073B03006ADBAA /* StrobeLight.fsh */,
				ECC1DF2127073B03006ADBAA /* WarpLines.fsh */,
				ECC1DF1427073B02006ADBAA /* WaterColors.fsh */,
				ECC1DF1F27073B03006ADBAA /* WaveForm.fsh */,
				ECC1DF2227073B03006ADBAA /* Waves.fsh */,
			);
			path = Shaders;
			sourceTree = "<group>";
		};
/* End PBXGroup section */

/* Begin PBXNativeTarget section */
		95FC674A1B5E607C00C756F5 /* monoleap */ = {
			isa = PBXNativeTarget;
			buildConfigurationList = 95FC67731B5E607C00C756F5 /* Build configuration list for PBXNativeTarget "monoleap" */;
			buildPhases = (
				95FC67471B5E607C00C756F5 /* Sources */,
				95FC67481B5E607C00C756F5 /* Frameworks */,
				95FC67491B5E607C00C756F5 /* Resources */,
			);
			buildRules = (
			);
			dependencies = (
			);
			name = monoleap;
			packageProductDependencies = (
				9586002826E76B9B00A4A712 /* AudioKit */,
				9586002E26E76FF400A4A712 /* SoundpipeAudioKit */,
			);
			productName = xophone;
			productReference = 95FC674B1B5E607C00C756F5 /* monoleap.app */;
			productType = "com.apple.product-type.application";
		};
		95FC67681B5E607C00C756F5 /* monoleapTests */ = {
			isa = PBXNativeTarget;
			buildConfigurationList = 95FC67761B5E607C00C756F5 /* Build configuration list for PBXNativeTarget "monoleapTests" */;
			buildPhases = (
				95FC67651B5E607C00C756F5 /* Sources */,
				95FC67661B5E607C00C756F5 /* Frameworks */,
				95FC67671B5E607C00C756F5 /* Resources */,
			);
			buildRules = (
			);
			dependencies = (
				95FC676B1B5E607C00C756F5 /* PBXTargetDependency */,
			);
			name = monoleapTests;
			productName = xophoneTests;
			productReference = 95FC67691B5E607C00C756F5 /* monoleapTests.xctest */;
			productType = "com.apple.product-type.bundle.unit-test";
		};
/* End PBXNativeTarget section */

/* Begin PBXProject section */
		95FC67431B5E607C00C756F5 /* Project object */ = {
			isa = PBXProject;
			attributes = {
				LastUpgradeCheck = 0700;
				ORGANIZATIONNAME = "Dan Bar-Yaakov";
				TargetAttributes = {
					95FC674A1B5E607C00C756F5 = {
						CreatedOnToolsVersion = 6.4;
						DevelopmentTeam = 6FHC6MWKSK;
						LastSwiftMigration = 1250;
					};
					95FC67681B5E607C00C756F5 = {
						CreatedOnToolsVersion = 6.4;
						TestTargetID = 95FC674A1B5E607C00C756F5;
					};
				};
			};
			buildConfigurationList = 95FC67461B5E607C00C756F5 /* Build configuration list for PBXProject "monoleap" */;
			compatibilityVersion = "Xcode 3.2";
			developmentRegion = English;
			hasScannedForEncodings = 0;
			knownRegions = (
				English,
				en,
				Base,
			);
			mainGroup = 95FC67421B5E607C00C756F5;
			packageReferences = (
				9586002726E76B9B00A4A712 /* XCRemoteSwiftPackageReference "AudioKit" */,
				9586002D26E76FF400A4A712 /* XCRemoteSwiftPackageReference "SoundpipeAudioKit" */,
			);
			productRefGroup = 95FC674C1B5E607C00C756F5 /* Products */;
			projectDirPath = "";
			projectRoot = "";
			targets = (
				95FC674A1B5E607C00C756F5 /* monoleap */,
				95FC67681B5E607C00C756F5 /* monoleapTests */,
			);
		};
/* End PBXProject section */

/* Begin PBXResourcesBuildPhase section */
		95FC67491B5E607C00C756F5 /* Resources */ = {
			isa = PBXResourcesBuildPhase;
			buildActionMask = 2147483647;
			files = (
				ECC1DF2B27073B03006ADBAA /* Spotlight.fsh in Resources */,
				ECC1DF2F27073B03006ADBAA /* Lightning.fsh in Resources */,
				959916051B63A7E900784C6E /* Rain.sks in Resources */,
				952C466D1B60F6F300548952 /* spark.png in Resources */,
				ECC1DF2627073B03006ADBAA /* WaterColors.fsh in Resources */,
				95FC67641B5E607C00C756F5 /* LaunchScreen.xib in Resources */,
				959916011B63A7B400784C6E /* Snow.sks in Resources */,
				ECC1DF2A27073B03006ADBAA /* Grid.fsh in Resources */,
				ECC1DF3627073B03006ADBAA /* Rainbow.fsh in Resources */,
				95FC67611B5E607C00C756F5 /* Images.xcassets in Resources */,
				952C46681B60F14C00548952 /* Bokeh.sks in Resources */,
				952C46691B60F14C00548952 /* bokeh.png in Resources */,
				ECC1DF3427073B03006ADBAA /* Waves.fsh in Resources */,
				ECC1DF2827073B03006ADBAA /* ColorSquares.fsh in Resources */,
				ECC1DF3027073B03006ADBAA /* Splash.fsh in Resources */,
				ECC1DF3527073B03006ADBAA /* MorphGrid.fsh in Resources */,
				ECC1DF2C27073B03006ADBAA /* StrobeLight.fsh in Resources */,
				952C466C1B60F6F300548952 /* Fire.sks in Resources */,
				ECC1DF2D27073B03006ADBAA /* SHKCircleWave.fsh in Resources */,
				ECC1DF3127073B03006ADBAA /* WaveForm.fsh in Resources */,
				956A7E541BDFED6C00687A0C /* MyParticle.sks in Resources */,
				ECC1DF3327073B03006ADBAA /* WarpLines.fsh in Resources */,
				ECC1DF3727073B03006ADBAA /* Circles.fsh in Resources */,
				ECC1DF2727073B03006ADBAA /* Julia.fsh in Resources */,
				ECC1DF3927073DFB006ADBAA /* Flower.fsh in Resources */,
				ECC1DF3227073B03006ADBAA /* SHKLightGrid.fsh in Resources */,
				952C466F1B621ADE00548952 /* Magic.sks in Resources */,
				959916071B63A7FA00784C6E /* Smoke.sks in Resources */,
				952C46711B621AF900548952 /* Spark.sks in Resources */,
				959916031B63A7D100784C6E /* Fireflies.sks in Resources */,
				95FC67591B5E607C00C756F5 /* InstrumentScene.sks in Resources */,
				ECC1DF2E27073B03006ADBAA /* ColorFlower.fsh in Resources */,
				ECC1DF2927073B03006ADBAA /* Spark.fsh in Resources */,
				95D147231B6D470C00770BF3 /* App.storyboard in Resources */,
			);
			runOnlyForDeploymentPostprocessing = 0;
		};
		95FC67671B5E607C00C756F5 /* Resources */ = {
			isa = PBXResourcesBuildPhase;
			buildActionMask = 2147483647;
			files = (
			);
			runOnlyForDeploymentPostprocessing = 0;
		};
/* End PBXResourcesBuildPhase section */

/* Begin PBXSourcesBuildPhase section */
		95FC67471B5E607C00C756F5 /* Sources */ = {
			isa = PBXSourcesBuildPhase;
			buildActionMask = 2147483647;
			files = (
				ECC1DF45270764CC006ADBAA /* Scale.swift in Sources */,
				ECC1DF0027072844006ADBAA /* PageToggleButton.swift in Sources */,
				ECC1DF3F27075DAD006ADBAA /* MIDICCSelector.swift in Sources */,
				277FA7DF26F380300063022A /* ThemeImpl.swift in Sources */,
				ECC1DF412707649E006ADBAA /* DropdownSelector.swift in Sources */,
				ECC1DEFC270724BF006ADBAA /* MonoleapAssets.swift in Sources */,
				ECC1DF0E270732DE006ADBAA /* MonoleapToggleStyle.swift in Sources */,
				272D075627037AA90039D6FB /* InstrumentScene.swift in Sources */,
				EC59C3DC2707191300866708 /* MainViewController.swift in Sources */,
				ECC1DF0627072E8B006ADBAA /* MIDISettingsPage.swift in Sources */,
				278DD63626EB4A1E0079F8B8 /* MidiConnectorImpl.swift in Sources */,
				EC5FCA16270C382100694854 /* SKTextureGradient.swift in Sources */,
				ECC1DF1227073ABC006ADBAA /* RGBShaderTheme.swift in Sources */,
				278DD63426EB485E0079F8B8 /* AppDelegate.swift in Sources */,
				ECC1DF0C27073123006ADBAA /* SettingsSection.swift in Sources */,
				ECC1DF43270764B3006ADBAA /* ScaleSelector.swift in Sources */,
				95D147261B6D510600770BF3 /* Model.xcdatamodeld in Sources */,
				ECC1DF3D27075D4D006ADBAA /* NumberSelector.swift in Sources */,
				277FA7CD26F343CB0063022A /* InstrumentViewController.swift in Sources */,
				ECC1DF0827072E96006ADBAA /* ThemeSettingsPage.swift in Sources */,
				2757768326ED0AEC00134DDC /* MIDIConnector.swift in Sources */,
				EC59C3DE2707193B00866708 /* MainSettingsView.swift in Sources */,
				ECC1DF0427072E82006ADBAA /* InstrumentSettingsPage.swift in Sources */,
				ECC1DEFE270725B1006ADBAA /* BigRoundButton.swift in Sources */,
				9586002C26E76BE800A4A712 /* SynthManager.swift in Sources */,
				ECC1DF0227072D3B006ADBAA /* Settings.swift in Sources */,
				ECC1DF3B27073FDA006ADBAA /* Theme.swift in Sources */,
				ECC1DF1027073AA1006ADBAA /* ThemeManager.swift in Sources */,
			);
			runOnlyForDeploymentPostprocessing = 0;
		};
		95FC67651B5E607C00C756F5 /* Sources */ = {
			isa = PBXSourcesBuildPhase;
			buildActionMask = 2147483647;
			files = (
			);
			runOnlyForDeploymentPostprocessing = 0;
		};
/* End PBXSourcesBuildPhase section */

/* Begin PBXTargetDependency section */
		95FC676B1B5E607C00C756F5 /* PBXTargetDependency */ = {
			isa = PBXTargetDependency;
			target = 95FC674A1B5E607C00C756F5 /* monoleap */;
			targetProxy = 95FC676A1B5E607C00C756F5 /* PBXContainerItemProxy */;
		};
/* End PBXTargetDependency section */

/* Begin PBXVariantGroup section */
		95FC67621B5E607C00C756F5 /* LaunchScreen.xib */ = {
			isa = PBXVariantGroup;
			children = (
				95FC67631B5E607C00C756F5 /* Base */,
			);
			name = LaunchScreen.xib;
			sourceTree = "<group>";
		};
/* End PBXVariantGroup section */

/* Begin XCBuildConfiguration section */
		95FC67711B5E607C00C756F5 /* Debug */ = {
			isa = XCBuildConfiguration;
			buildSettings = {
				ALWAYS_SEARCH_USER_PATHS = NO;
				CLANG_CXX_LANGUAGE_STANDARD = "gnu++0x";
				CLANG_CXX_LIBRARY = "libc++";
				CLANG_ENABLE_MODULES = YES;
				CLANG_ENABLE_OBJC_ARC = YES;
				CLANG_WARN_BOOL_CONVERSION = YES;
				CLANG_WARN_CONSTANT_CONVERSION = YES;
				CLANG_WARN_DIRECT_OBJC_ISA_USAGE = YES_ERROR;
				CLANG_WARN_EMPTY_BODY = YES;
				CLANG_WARN_ENUM_CONVERSION = YES;
				CLANG_WARN_INT_CONVERSION = YES;
				CLANG_WARN_OBJC_ROOT_CLASS = YES_ERROR;
				CLANG_WARN_UNREACHABLE_CODE = YES;
				CLANG_WARN__DUPLICATE_METHOD_MATCH = YES;
				"CODE_SIGN_IDENTITY[sdk=iphoneos*]" = "iPhone Developer";
				COPY_PHASE_STRIP = NO;
				DEBUG_INFORMATION_FORMAT = "dwarf-with-dsym";
				ENABLE_STRICT_OBJC_MSGSEND = YES;
				ENABLE_TESTABILITY = YES;
				GCC_C_LANGUAGE_STANDARD = gnu99;
				GCC_DYNAMIC_NO_PIC = NO;
				GCC_NO_COMMON_BLOCKS = YES;
				GCC_OPTIMIZATION_LEVEL = 0;
				GCC_PREPROCESSOR_DEFINITIONS = (
					"DEBUG=1",
					"$(inherited)",
				);
				GCC_SYMBOLS_PRIVATE_EXTERN = NO;
				GCC_WARN_64_TO_32_BIT_CONVERSION = YES;
				GCC_WARN_ABOUT_RETURN_TYPE = YES_ERROR;
				GCC_WARN_UNDECLARED_SELECTOR = YES;
				GCC_WARN_UNINITIALIZED_AUTOS = YES_AGGRESSIVE;
				GCC_WARN_UNUSED_FUNCTION = YES;
				GCC_WARN_UNUSED_VARIABLE = YES;
				IPHONEOS_DEPLOYMENT_TARGET = 14.0;
				MTL_ENABLE_DEBUG_INFO = YES;
				ONLY_ACTIVE_ARCH = YES;
				SDKROOT = iphoneos;
				TARGETED_DEVICE_FAMILY = "1,2";
			};
			name = Debug;
		};
		95FC67721B5E607C00C756F5 /* Release */ = {
			isa = XCBuildConfiguration;
			buildSettings = {
				ALWAYS_SEARCH_USER_PATHS = NO;
				CLANG_CXX_LANGUAGE_STANDARD = "gnu++0x";
				CLANG_CXX_LIBRARY = "libc++";
				CLANG_ENABLE_MODULES = YES;
				CLANG_ENABLE_OBJC_ARC = YES;
				CLANG_WARN_BOOL_CONVERSION = YES;
				CLANG_WARN_CONSTANT_CONVERSION = YES;
				CLANG_WARN_DIRECT_OBJC_ISA_USAGE = YES_ERROR;
				CLANG_WARN_EMPTY_BODY = YES;
				CLANG_WARN_ENUM_CONVERSION = YES;
				CLANG_WARN_INT_CONVERSION = YES;
				CLANG_WARN_OBJC_ROOT_CLASS = YES_ERROR;
				CLANG_WARN_UNREACHABLE_CODE = YES;
				CLANG_WARN__DUPLICATE_METHOD_MATCH = YES;
				"CODE_SIGN_IDENTITY[sdk=iphoneos*]" = "iPhone Developer";
				COPY_PHASE_STRIP = NO;
				DEBUG_INFORMATION_FORMAT = "dwarf-with-dsym";
				ENABLE_NS_ASSERTIONS = NO;
				ENABLE_STRICT_OBJC_MSGSEND = YES;
				GCC_C_LANGUAGE_STANDARD = gnu99;
				GCC_NO_COMMON_BLOCKS = YES;
				GCC_WARN_64_TO_32_BIT_CONVERSION = YES;
				GCC_WARN_ABOUT_RETURN_TYPE = YES_ERROR;
				GCC_WARN_UNDECLARED_SELECTOR = YES;
				GCC_WARN_UNINITIALIZED_AUTOS = YES_AGGRESSIVE;
				GCC_WARN_UNUSED_FUNCTION = YES;
				GCC_WARN_UNUSED_VARIABLE = YES;
				IPHONEOS_DEPLOYMENT_TARGET = 14.0;
				MTL_ENABLE_DEBUG_INFO = NO;
				SDKROOT = iphoneos;
				TARGETED_DEVICE_FAMILY = "1,2";
				VALIDATE_PRODUCT = YES;
			};
			name = Release;
		};
		95FC67741B5E607C00C756F5 /* Debug */ = {
			isa = XCBuildConfiguration;
			buildSettings = {
				ALWAYS_EMBED_SWIFT_STANDARD_LIBRARIES = YES;
				ASSETCATALOG_COMPILER_APPICON_NAME = AppIcon;
				CLANG_ENABLE_MODULES = YES;
				CODE_SIGN_IDENTITY = "iPhone Developer";
				"CODE_SIGN_IDENTITY[sdk=iphoneos*]" = "iPhone Developer";
				CURRENT_PROJECT_VERSION = 1;
				DEFINES_MODULE = YES;
				DEVELOPMENT_TEAM = 487DXBLVBM;
				HEADER_SEARCH_PATHS = (
					"$(inherited)",
					"\"${PODS_ROOT}/Headers/Public\"",
					"\"${PODS_ROOT}/Headers/Public/ActionSheetPicker-3.0\"",
					"\"${PODS_ROOT}/Headers/Public/AwesomeMenu\"",
					"\"${PODS_ROOT}/Headers/Public/MVSelectorScrollView\"",
				);
				INFOPLIST_FILE = xophone/Info.plist;
				LD_RUNPATH_SEARCH_PATHS = (
					"$(inherited)",
					"@executable_path/Frameworks",
				);
				MARKETING_VERSION = 1.5.1;
				PRELINK_LIBS = "AudioToolbox AVFoundation CoreAudio";
				PRODUCT_BUNDLE_IDENTIFIER = "$(PRODUCT_NAME:rfc1034identifier)";
				PRODUCT_NAME = monoleap;
				PROVISIONING_PROFILE = "";
				SWIFT_OBJC_BRIDGING_HEADER = "xophone/monoleap-Bridging-Header.h";
				SWIFT_OPTIMIZATION_LEVEL = "-Onone";
				SWIFT_VERSION = 5.0;
				TARGETED_DEVICE_FAMILY = 2;
				USER_HEADER_SEARCH_PATHS = "";
			};
			name = Debug;
		};
		95FC67751B5E607C00C756F5 /* Release */ = {
			isa = XCBuildConfiguration;
			buildSettings = {
				ALWAYS_EMBED_SWIFT_STANDARD_LIBRARIES = YES;
				ASSETCATALOG_COMPILER_APPICON_NAME = AppIcon;
				CLANG_ENABLE_MODULES = YES;
				CODE_SIGN_IDENTITY = "iPhone Developer";
				"CODE_SIGN_IDENTITY[sdk=iphoneos*]" = "iPhone Developer";
				CURRENT_PROJECT_VERSION = 1;
				DEFINES_MODULE = YES;
				DEVELOPMENT_TEAM = 487DXBLVBM;
				INFOPLIST_FILE = xophone/Info.plist;
				LD_RUNPATH_SEARCH_PATHS = (
					"$(inherited)",
					"@executable_path/Frameworks",
				);
				MARKETING_VERSION = 1.5.1;
				PRELINK_LIBS = "AudioToolbox AVFoundation CoreAudio";
				"PRELINK_LIBS[arch=*]" = "";
				PRODUCT_BUNDLE_IDENTIFIER = "$(PRODUCT_NAME:rfc1034identifier)";
				PRODUCT_NAME = monoleap;
				PROVISIONING_PROFILE = "";
				SWIFT_OBJC_BRIDGING_HEADER = "xophone/monoleap-Bridging-Header.h";
				SWIFT_VERSION = 5.0;
				TARGETED_DEVICE_FAMILY = 2;
				USER_HEADER_SEARCH_PATHS = "";
			};
			name = Release;
		};
		95FC67771B5E607C00C756F5 /* Debug */ = {
			isa = XCBuildConfiguration;
			buildSettings = {
				ALWAYS_EMBED_SWIFT_STANDARD_LIBRARIES = YES;
				BUNDLE_LOADER = "$(TEST_HOST)";
				FRAMEWORK_SEARCH_PATHS = (
					"$(SDKROOT)/Developer/Library/Frameworks",
					"$(inherited)",
				);
				GCC_PREPROCESSOR_DEFINITIONS = (
					"DEBUG=1",
					"$(inherited)",
				);
				INFOPLIST_FILE = xophoneTests/Info.plist;
				LD_RUNPATH_SEARCH_PATHS = (
					"$(inherited)",
					"@executable_path/Frameworks",
					"@loader_path/Frameworks",
				);
				PRODUCT_BUNDLE_IDENTIFIER = "danbar.$(PRODUCT_NAME:rfc1034identifier)";
				PRODUCT_NAME = monoleapTests;
				TEST_HOST = "$(BUILT_PRODUCTS_DIR)/xophone.app/xophone";
			};
			name = Debug;
		};
		95FC67781B5E607C00C756F5 /* Release */ = {
			isa = XCBuildConfiguration;
			buildSettings = {
				ALWAYS_EMBED_SWIFT_STANDARD_LIBRARIES = YES;
				BUNDLE_LOADER = "$(TEST_HOST)";
				FRAMEWORK_SEARCH_PATHS = (
					"$(SDKROOT)/Developer/Library/Frameworks",
					"$(inherited)",
				);
				INFOPLIST_FILE = xophoneTests/Info.plist;
				LD_RUNPATH_SEARCH_PATHS = (
					"$(inherited)",
					"@executable_path/Frameworks",
					"@loader_path/Frameworks",
				);
				PRODUCT_BUNDLE_IDENTIFIER = "danbar.$(PRODUCT_NAME:rfc1034identifier)";
				PRODUCT_NAME = monoleapTests;
				TEST_HOST = "$(BUILT_PRODUCTS_DIR)/xophone.app/xophone";
			};
			name = Release;
		};
/* End XCBuildConfiguration section */

/* Begin XCConfigurationList section */
		95FC67461B5E607C00C756F5 /* Build configuration list for PBXProject "monoleap" */ = {
			isa = XCConfigurationList;
			buildConfigurations = (
				95FC67711B5E607C00C756F5 /* Debug */,
				95FC67721B5E607C00C756F5 /* Release */,
			);
			defaultConfigurationIsVisible = 0;
			defaultConfigurationName = Release;
		};
		95FC67731B5E607C00C756F5 /* Build configuration list for PBXNativeTarget "monoleap" */ = {
			isa = XCConfigurationList;
			buildConfigurations = (
				95FC67741B5E607C00C756F5 /* Debug */,
				95FC67751B5E607C00C756F5 /* Release */,
			);
			defaultConfigurationIsVisible = 0;
			defaultConfigurationName = Release;
		};
		95FC67761B5E607C00C756F5 /* Build configuration list for PBXNativeTarget "monoleapTests" */ = {
			isa = XCConfigurationList;
			buildConfigurations = (
				95FC67771B5E607C00C756F5 /* Debug */,
				95FC67781B5E607C00C756F5 /* Release */,
			);
			defaultConfigurationIsVisible = 0;
			defaultConfigurationName = Release;
		};
/* End XCConfigurationList section */

/* Begin XCRemoteSwiftPackageReference section */
		9586002726E76B9B00A4A712 /* XCRemoteSwiftPackageReference "AudioKit" */ = {
			isa = XCRemoteSwiftPackageReference;
			repositoryURL = "https://github.com/AudioKit/AudioKit";
			requirement = {
				kind = exactVersion;
				version = 5.2.0;
			};
		};
		9586002D26E76FF400A4A712 /* XCRemoteSwiftPackageReference "SoundpipeAudioKit" */ = {
			isa = XCRemoteSwiftPackageReference;
			repositoryURL = "https://github.com/AudioKit/SoundpipeAudioKit.git";
			requirement = {
				kind = exactVersion;
				version = 5.2.0;
			};
		};
/* End XCRemoteSwiftPackageReference section */

/* Begin XCSwiftPackageProductDependency section */
		9586002826E76B9B00A4A712 /* AudioKit */ = {
			isa = XCSwiftPackageProductDependency;
			package = 9586002726E76B9B00A4A712 /* XCRemoteSwiftPackageReference "AudioKit" */;
			productName = AudioKit;
		};
		9586002E26E76FF400A4A712 /* SoundpipeAudioKit */ = {
			isa = XCSwiftPackageProductDependency;
			package = 9586002D26E76FF400A4A712 /* XCRemoteSwiftPackageReference "SoundpipeAudioKit" */;
			productName = SoundpipeAudioKit;
		};
/* End XCSwiftPackageProductDependency section */

/* Begin XCVersionGroup section */
		95D147241B6D510600770BF3 /* Model.xcdatamodeld */ = {
			isa = XCVersionGroup;
			children = (
				95D147251B6D510600770BF3 /* Model.xcdatamodel */,
			);
			currentVersion = 95D147251B6D510600770BF3 /* Model.xcdatamodel */;
			path = Model.xcdatamodeld;
			sourceTree = "<group>";
			versionGroupType = wrapper.xcdatamodel;
		};
/* End XCVersionGroup section */
	};
	rootObject = 95FC67431B5E607C00C756F5 /* Project object */;
}
